
Microsoft Visual Studio Solution File, Format Version 12.00
# Visual Studio Version 17
VisualStudioVersion = 17.4.33205.214
MinimumVisualStudioVersion = 10.0.40219.1
Project("{FAE04EC0-301F-11D3-BF4B-00C04F79EFBC}") = "AvaloniaAppConnectExample", "AvaloniaAppConnectExample\AvaloniaAppConnectExample.csproj", "{2EFDB69D-DB6C-4209-8491-D18C9E9A3AC1}"
EndProject
Global
	GlobalSection(SolutionConfigurationPlatforms) = preSolution
		Debug|Any CPU = Debug|Any CPU
		Release|Any CPU = Release|Any CPU
	EndGlobalSection
	GlobalSection(ProjectConfigurationPlatforms) = postSolution
		{2EFDB69D-DB6C-4209-8491-D18C9E9A3AC1}.Debug|Any CPU.ActiveCfg = Debug|Any CPU
		{2EFDB69D-DB6C-4209-8491-D18C9E9A3AC1}.Debug|Any CPU.Build.0 = Debug|Any CPU
		{2EFDB69D-DB6C-4209-8491-D18C9E9A3AC1}.Release|Any CPU.ActiveCfg = Release|Any CPU
		{2EFDB69D-DB6C-4209-8491-D18C9E9A3AC1}.Release|Any CPU.Build.0 = Release|Any CPU
	EndGlobalSection
	GlobalSection(SolutionProperties) = preSolution
		HideSolutionNode = FALSE
	EndGlobalSection
	GlobalSection(ExtensibilityGlobals) = postSolution
		SolutionGuid = {C5721A1B-92FB-4D7C-950F-896DDC414AF3}
	EndGlobalSection
EndGlobal
